
Microsoft Visual Studio Solution File, Format Version 12.00
# Visual Studio Version 17
VisualStudioVersion = 17.5.002.0
MinimumVisualStudioVersion = 10.0.40219.1
Project("{9A19103F-16F7-4668-BE54-9A1E7A4F7556}") = "Projeto", "Projeto\Projeto.csproj", "{95B20F48-D057-4550-98DB-CFD58DA06D05}"
EndProject
Project("{9A19103F-16F7-4668-BE54-9A1E7A4F7556}") = "Testes", "Testes\Testes.csproj", "{0106FD28-10AF-427C-AC2E-AF185D9DD1EF}"
EndProject
Global
	GlobalSection(SolutionConfigurationPlatforms) = preSolution
		Debug|Any CPU = Debug|Any CPU
		Release|Any CPU = Release|Any CPU
	EndGlobalSection
	GlobalSection(ProjectConfigurationPlatforms) = postSolution
		{95B20F48-D057-4550-98DB-CFD58DA06D05}.Debug|Any CPU.ActiveCfg = Debug|Any CPU
		{95B20F48-D057-4550-98DB-CFD58DA06D05}.Debug|Any CPU.Build.0 = Debug|Any CPU
		{95B20F48-D057-4550-98DB-CFD58DA06D05}.Release|Any CPU.ActiveCfg = Release|Any CPU
		{95B20F48-D057-4550-98DB-CFD58DA06D05}.Release|Any CPU.Build.0 = Release|Any CPU
		{0106FD28-10AF-427C-AC2E-AF185D9DD1EF}.Debug|Any CPU.ActiveCfg = Debug|Any CPU
		{0106FD28-10AF-427C-AC2E-AF185D9DD1EF}.Debug|Any CPU.Build.0 = Debug|Any CPU
		{0106FD28-10AF-427C-AC2E-AF185D9DD1EF}.Release|Any CPU.ActiveCfg = Release|Any CPU
		{0106FD28-10AF-427C-AC2E-AF185D9DD1EF}.Release|Any CPU.Build.0 = Release|Any CPU
	EndGlobalSection
	GlobalSection(SolutionProperties) = preSolution
		HideSolutionNode = FALSE
	EndGlobalSection
	GlobalSection(ExtensibilityGlobals) = postSolution
		SolutionGuid = {9E1ABDB8-A195-451E-AA8E-BEC6AE69A0AD}
	EndGlobalSection
EndGlobal
